
Microsoft Visual Studio Solution File, Format Version 12.00
# Visual Studio Version 16
VisualStudioVersion = 16.0.32929.386
MinimumVisualStudioVersion = 10.0.40219.1
Project("{9A19103F-16F7-4668-BE54-9A1E7A4F7556}") = "Condominio", "Condominio\Condominio.csproj", "{559A6784-38D0-4E3C-98E3-38F8EE415AF7}"
EndProject
Project("{2150E333-8FDC-42A3-9474-1A3956D46DE8}") = "Solution Items", "Solution Items", "{039FCA27-86E2-4F5A-950A-25536C42ABE4}"
	ProjectSection(SolutionItems) = preProject
		.editorconfig = .editorconfig
	EndProjectSection
EndProject
Global
	GlobalSection(SolutionConfigurationPlatforms) = preSolution
		Debug|Any CPU = Debug|Any CPU
		Release|Any CPU = Release|Any CPU
	EndGlobalSection
	GlobalSection(ProjectConfigurationPlatforms) = postSolution
		{559A6784-38D0-4E3C-98E3-38F8EE415AF7}.Debug|Any CPU.ActiveCfg = Debug|Any CPU
		{559A6784-38D0-4E3C-98E3-38F8EE415AF7}.Debug|Any CPU.Build.0 = Debug|Any CPU
		{559A6784-38D0-4E3C-98E3-38F8EE415AF7}.Release|Any CPU.ActiveCfg = Release|Any CPU
		{559A6784-38D0-4E3C-98E3-38F8EE415AF7}.Release|Any CPU.Build.0 = Release|Any CPU
	EndGlobalSection
	GlobalSection(SolutionProperties) = preSolution
		HideSolutionNode = FALSE
	EndGlobalSection
	GlobalSection(ExtensibilityGlobals) = postSolution
		SolutionGuid = {4E92606B-99FD-473A-B8D4-41D249B14B30}
	EndGlobalSection
EndGlobal
